// !$*UTF8*$!
{
	archiveVersion = 1;
	classes = {
	};
	objectVersion = 50;
	objects = {

/* Begin PBXBuildFile section */
		4CFE253CEE2BE0F61AB76575 /* Pods_Snapshot_Testing.framework in Frameworks */ = {isa = PBXBuildFile; fileRef = FE73690B6FD339196985C537 /* Pods_Snapshot_Testing.framework */; };
		6E9EA31522A9407200202BEE /* TestHelpers.swift in Sources */ = {isa = PBXBuildFile; fileRef = 6E9EA31422A9407200202BEE /* TestHelpers.swift */; };
		6E9EA31722A940B800202BEE /* TraitController.swift in Sources */ = {isa = PBXBuildFile; fileRef = 6E9EA31622A940B800202BEE /* TraitController.swift */; };
		6E9EA31922A940DA00202BEE /* SnapshotTestsConfig.swift in Sources */ = {isa = PBXBuildFile; fileRef = 6E9EA31822A940DA00202BEE /* SnapshotTestsConfig.swift */; };
		6E9EA31D22A9449900202BEE /* ThemeManager.swift in Sources */ = {isa = PBXBuildFile; fileRef = 6E9EA31C22A9449900202BEE /* ThemeManager.swift */; };
		6E9EA31F22A9477C00202BEE /* TestSuiteUserDefaults.swift in Sources */ = {isa = PBXBuildFile; fileRef = 6E9EA31E22A9477C00202BEE /* TestSuiteUserDefaults.swift */; };
		6E9EA32122A94B0300202BEE /* FBSnapshotTestCase+Extras.swift in Sources */ = {isa = PBXBuildFile; fileRef = 6E9EA32022A94B0300202BEE /* FBSnapshotTestCase+Extras.swift */; };
		E6912AE3E02908D2AE1CA22E /* Pods_SnapshotTests.framework in Frameworks */ = {isa = PBXBuildFile; fileRef = 8FFA588284E7243811D8C678 /* Pods_SnapshotTests.framework */; };
		FDB4134A2256609D00CAE36F /* AppDelegate.swift in Sources */ = {isa = PBXBuildFile; fileRef = FDB413492256609D00CAE36F /* AppDelegate.swift */; };
		FDB4134C2256609D00CAE36F /* ViewController.swift in Sources */ = {isa = PBXBuildFile; fileRef = FDB4134B2256609D00CAE36F /* ViewController.swift */; };
		FDB4134F2256609D00CAE36F /* Main.storyboard in Resources */ = {isa = PBXBuildFile; fileRef = FDB4134D2256609D00CAE36F /* Main.storyboard */; };
		FDB413512256609E00CAE36F /* Assets.xcassets in Resources */ = {isa = PBXBuildFile; fileRef = FDB413502256609E00CAE36F /* Assets.xcassets */; };
		FDB413542256609E00CAE36F /* LaunchScreen.storyboard in Resources */ = {isa = PBXBuildFile; fileRef = FDB413522256609E00CAE36F /* LaunchScreen.storyboard */; };
		FDB413622256611000CAE36F /* SnapshotTests.swift in Sources */ = {isa = PBXBuildFile; fileRef = FDB413612256611000CAE36F /* SnapshotTests.swift */; };
		FDB4136E225662C300CAE36F /* MarketHoursRangeView.swift in Sources */ = {isa = PBXBuildFile; fileRef = FDB4136A225662C300CAE36F /* MarketHoursRangeView.swift */; };
		FDB4136F225662C300CAE36F /* MarketHoursView.swift in Sources */ = {isa = PBXBuildFile; fileRef = FDB4136B225662C300CAE36F /* MarketHoursView.swift */; };
		FDB41370225662C300CAE36F /* PaddingLabel.swift in Sources */ = {isa = PBXBuildFile; fileRef = FDB4136C225662C300CAE36F /* PaddingLabel.swift */; };
		FDB41371225662C300CAE36F /* Helper.swift in Sources */ = {isa = PBXBuildFile; fileRef = FDB4136D225662C300CAE36F /* Helper.swift */; };
/* End PBXBuildFile section */

/* Begin PBXContainerItemProxy section */
		FDB413642256611000CAE36F /* PBXContainerItemProxy */ = {
			isa = PBXContainerItemProxy;
			containerPortal = FDB4133E2256609D00CAE36F /* Project object */;
			proxyType = 1;
			remoteGlobalIDString = FDB413452256609D00CAE36F;
			remoteInfo = "Snapshot Testing";
		};
/* End PBXContainerItemProxy section */

/* Begin PBXFileReference section */
		4A690EDF2B9ABAC0B451917D /* Pods-Snapshot Testing.release.xcconfig */ = {isa = PBXFileReference; includeInIndex = 1; lastKnownFileType = text.xcconfig; name = "Pods-Snapshot Testing.release.xcconfig"; path = "Target Support Files/Pods-Snapshot Testing/Pods-Snapshot Testing.release.xcconfig"; sourceTree = "<group>"; };
		6E9EA31422A9407200202BEE /* TestHelpers.swift */ = {isa = PBXFileReference; lastKnownFileType = sourcecode.swift; path = TestHelpers.swift; sourceTree = "<group>"; };
		6E9EA31622A940B800202BEE /* TraitController.swift */ = {isa = PBXFileReference; lastKnownFileType = sourcecode.swift; path = TraitController.swift; sourceTree = "<group>"; };
		6E9EA31822A940DA00202BEE /* SnapshotTestsConfig.swift */ = {isa = PBXFileReference; lastKnownFileType = sourcecode.swift; path = SnapshotTestsConfig.swift; sourceTree = "<group>"; };
		6E9EA31C22A9449900202BEE /* ThemeManager.swift */ = {isa = PBXFileReference; lastKnownFileType = sourcecode.swift; path = ThemeManager.swift; sourceTree = "<group>"; };
		6E9EA31E22A9477C00202BEE /* TestSuiteUserDefaults.swift */ = {isa = PBXFileReference; lastKnownFileType = sourcecode.swift; path = TestSuiteUserDefaults.swift; sourceTree = "<group>"; };
		6E9EA32022A94B0300202BEE /* FBSnapshotTestCase+Extras.swift */ = {isa = PBXFileReference; lastKnownFileType = sourcecode.swift; path = "FBSnapshotTestCase+Extras.swift"; sourceTree = "<group>"; };
		8FFA588284E7243811D8C678 /* Pods_SnapshotTests.framework */ = {isa = PBXFileReference; explicitFileType = wrapper.framework; includeInIndex = 0; path = Pods_SnapshotTests.framework; sourceTree = BUILT_PRODUCTS_DIR; };
		909388D6F692DD868858E59E /* Pods-Snapshot Testing.debug.xcconfig */ = {isa = PBXFileReference; includeInIndex = 1; lastKnownFileType = text.xcconfig; name = "Pods-Snapshot Testing.debug.xcconfig"; path = "Target Support Files/Pods-Snapshot Testing/Pods-Snapshot Testing.debug.xcconfig"; sourceTree = "<group>"; };
		D5F00C667565E89EF849DEE2 /* Pods-SnapshotTests.release.xcconfig */ = {isa = PBXFileReference; includeInIndex = 1; lastKnownFileType = text.xcconfig; name = "Pods-SnapshotTests.release.xcconfig"; path = "Target Support Files/Pods-SnapshotTests/Pods-SnapshotTests.release.xcconfig"; sourceTree = "<group>"; };
		E4D0BE6C8A4A415EDFB540E1 /* Pods-SnapshotTests.debug.xcconfig */ = {isa = PBXFileReference; includeInIndex = 1; lastKnownFileType = text.xcconfig; name = "Pods-SnapshotTests.debug.xcconfig"; path = "Target Support Files/Pods-SnapshotTests/Pods-SnapshotTests.debug.xcconfig"; sourceTree = "<group>"; };
		FDB413462256609D00CAE36F /* Snapshot Testing.app */ = {isa = PBXFileReference; explicitFileType = wrapper.application; includeInIndex = 0; path = "Snapshot Testing.app"; sourceTree = BUILT_PRODUCTS_DIR; };
		FDB413492256609D00CAE36F /* AppDelegate.swift */ = {isa = PBXFileReference; lastKnownFileType = sourcecode.swift; path = AppDelegate.swift; sourceTree = "<group>"; };
		FDB4134B2256609D00CAE36F /* ViewController.swift */ = {isa = PBXFileReference; lastKnownFileType = sourcecode.swift; path = ViewController.swift; sourceTree = "<group>"; };
		FDB4134E2256609D00CAE36F /* Base */ = {isa = PBXFileReference; lastKnownFileType = file.storyboard; name = Base; path = Base.lproj/Main.storyboard; sourceTree = "<group>"; };
		FDB413502256609E00CAE36F /* Assets.xcassets */ = {isa = PBXFileReference; lastKnownFileType = folder.assetcatalog; path = Assets.xcassets; sourceTree = "<group>"; };
		FDB413532256609E00CAE36F /* Base */ = {isa = PBXFileReference; lastKnownFileType = file.storyboard; name = Base; path = Base.lproj/LaunchScreen.storyboard; sourceTree = "<group>"; };
		FDB413552256609E00CAE36F /* Info.plist */ = {isa = PBXFileReference; lastKnownFileType = text.plist.xml; path = Info.plist; sourceTree = "<group>"; };
		FDB4135F2256611000CAE36F /* SnapshotTests.xctest */ = {isa = PBXFileReference; explicitFileType = wrapper.cfbundle; includeInIndex = 0; path = SnapshotTests.xctest; sourceTree = BUILT_PRODUCTS_DIR; };
		FDB413612256611000CAE36F /* SnapshotTests.swift */ = {isa = PBXFileReference; lastKnownFileType = sourcecode.swift; path = SnapshotTests.swift; sourceTree = "<group>"; };
		FDB413632256611000CAE36F /* Info.plist */ = {isa = PBXFileReference; lastKnownFileType = text.plist.xml; path = Info.plist; sourceTree = "<group>"; };
		FDB4136A225662C300CAE36F /* MarketHoursRangeView.swift */ = {isa = PBXFileReference; fileEncoding = 4; lastKnownFileType = sourcecode.swift; path = MarketHoursRangeView.swift; sourceTree = "<group>"; };
		FDB4136B225662C300CAE36F /* MarketHoursView.swift */ = {isa = PBXFileReference; fileEncoding = 4; lastKnownFileType = sourcecode.swift; path = MarketHoursView.swift; sourceTree = "<group>"; };
		FDB4136C225662C300CAE36F /* PaddingLabel.swift */ = {isa = PBXFileReference; fileEncoding = 4; lastKnownFileType = sourcecode.swift; path = PaddingLabel.swift; sourceTree = "<group>"; };
		FDB4136D225662C300CAE36F /* Helper.swift */ = {isa = PBXFileReference; fileEncoding = 4; lastKnownFileType = sourcecode.swift; path = Helper.swift; sourceTree = "<group>"; };
		FE73690B6FD339196985C537 /* Pods_Snapshot_Testing.framework */ = {isa = PBXFileReference; explicitFileType = wrapper.framework; includeInIndex = 0; path = Pods_Snapshot_Testing.framework; sourceTree = BUILT_PRODUCTS_DIR; };
/* End PBXFileReference section */

/* Begin PBXFrameworksBuildPhase section */
		FDB413432256609D00CAE36F /* Frameworks */ = {
			isa = PBXFrameworksBuildPhase;
			buildActionMask = 2147483647;
			files = (
				4CFE253CEE2BE0F61AB76575 /* Pods_Snapshot_Testing.framework in Frameworks */,
			);
			runOnlyForDeploymentPostprocessing = 0;
		};
		FDB4135C2256611000CAE36F /* Frameworks */ = {
			isa = PBXFrameworksBuildPhase;
			buildActionMask = 2147483647;
			files = (
				E6912AE3E02908D2AE1CA22E /* Pods_SnapshotTests.framework in Frameworks */,
			);
			runOnlyForDeploymentPostprocessing = 0;
		};
/* End PBXFrameworksBuildPhase section */

/* Begin PBXGroup section */
		02B9EBE1D9CCE3D5F12D9BC2 /* Pods */ = {
			isa = PBXGroup;
			children = (
				909388D6F692DD868858E59E /* Pods-Snapshot Testing.debug.xcconfig */,
				4A690EDF2B9ABAC0B451917D /* Pods-Snapshot Testing.release.xcconfig */,
				E4D0BE6C8A4A415EDFB540E1 /* Pods-SnapshotTests.debug.xcconfig */,
				D5F00C667565E89EF849DEE2 /* Pods-SnapshotTests.release.xcconfig */,
			);
			path = Pods;
			sourceTree = "<group>";
		};
		6E9EA31322A9406000202BEE /* Helpers */ = {
			isa = PBXGroup;
			children = (
				6E9EA31422A9407200202BEE /* TestHelpers.swift */,
				6E9EA31E22A9477C00202BEE /* TestSuiteUserDefaults.swift */,
				6E9EA32022A94B0300202BEE /* FBSnapshotTestCase+Extras.swift */,
			);
			path = Helpers;
			sourceTree = "<group>";
		};
		B43766A9A2C50E95EBD6A85D /* Frameworks */ = {
			isa = PBXGroup;
			children = (
				FE73690B6FD339196985C537 /* Pods_Snapshot_Testing.framework */,
				8FFA588284E7243811D8C678 /* Pods_SnapshotTests.framework */,
			);
			name = Frameworks;
			sourceTree = "<group>";
		};
		FDB4133D2256609D00CAE36F = {
			isa = PBXGroup;
			children = (
				FDB413482256609D00CAE36F /* Snapshot Testing */,
				FDB413602256611000CAE36F /* SnapshotTests */,
				FDB413472256609D00CAE36F /* Products */,
				02B9EBE1D9CCE3D5F12D9BC2 /* Pods */,
				B43766A9A2C50E95EBD6A85D /* Frameworks */,
			);
			sourceTree = "<group>";
		};
		FDB413472256609D00CAE36F /* Products */ = {
			isa = PBXGroup;
			children = (
				FDB413462256609D00CAE36F /* Snapshot Testing.app */,
				FDB4135F2256611000CAE36F /* SnapshotTests.xctest */,
			);
			name = Products;
			sourceTree = "<group>";
		};
		FDB413482256609D00CAE36F /* Snapshot Testing */ = {
			isa = PBXGroup;
			children = (
				FDB413692256629100CAE36F /* Views */,
				FDB413492256609D00CAE36F /* AppDelegate.swift */,
				FDB4134B2256609D00CAE36F /* ViewController.swift */,
				FDB4134D2256609D00CAE36F /* Main.storyboard */,
				FDB413502256609E00CAE36F /* Assets.xcassets */,
				FDB413522256609E00CAE36F /* LaunchScreen.storyboard */,
				FDB413552256609E00CAE36F /* Info.plist */,
				6E9EA31C22A9449900202BEE /* ThemeManager.swift */,
			);
			path = "Snapshot Testing";
			sourceTree = "<group>";
		};
		FDB413602256611000CAE36F /* SnapshotTests */ = {
			isa = PBXGroup;
			children = (
				6E9EA31322A9406000202BEE /* Helpers */,
				FDB413612256611000CAE36F /* SnapshotTests.swift */,
				FDB413632256611000CAE36F /* Info.plist */,
				6E9EA31622A940B800202BEE /* TraitController.swift */,
				6E9EA31822A940DA00202BEE /* SnapshotTestsConfig.swift */,
			);
			path = SnapshotTests;
			sourceTree = "<group>";
		};
		FDB413692256629100CAE36F /* Views */ = {
			isa = PBXGroup;
			children = (
				FDB4136D225662C300CAE36F /* Helper.swift */,
				FDB4136A225662C300CAE36F /* MarketHoursRangeView.swift */,
				FDB4136B225662C300CAE36F /* MarketHoursView.swift */,
				FDB4136C225662C300CAE36F /* PaddingLabel.swift */,
			);
			path = Views;
			sourceTree = "<group>";
		};
/* End PBXGroup section */

/* Begin PBXNativeTarget section */
		FDB413452256609D00CAE36F /* Snapshot Testing */ = {
			isa = PBXNativeTarget;
			buildConfigurationList = FDB413582256609E00CAE36F /* Build configuration list for PBXNativeTarget "Snapshot Testing" */;
			buildPhases = (
				ECE2717DC02F54F58F261A45 /* [CP] Check Pods Manifest.lock */,
				FDB413422256609D00CAE36F /* Sources */,
				FDB413432256609D00CAE36F /* Frameworks */,
				FDB413442256609D00CAE36F /* Resources */,
				8C6220ADC0C3B85AA2A24535 /* [CP] Embed Pods Frameworks */,
			);
			buildRules = (
			);
			dependencies = (
			);
			name = "Snapshot Testing";
			productName = "Snapshot Testing";
			productReference = FDB413462256609D00CAE36F /* Snapshot Testing.app */;
			productType = "com.apple.product-type.application";
		};
		FDB4135E2256611000CAE36F /* SnapshotTests */ = {
			isa = PBXNativeTarget;
			buildConfigurationList = FDB413682256611000CAE36F /* Build configuration list for PBXNativeTarget "SnapshotTests" */;
			buildPhases = (
				67952021AAF77AAAA37843A5 /* [CP] Check Pods Manifest.lock */,
				FDB4135B2256611000CAE36F /* Sources */,
				FDB4135C2256611000CAE36F /* Frameworks */,
				FDB4135D2256611000CAE36F /* Resources */,
				F590C86F33CE49933487CBB5 /* [CP] Embed Pods Frameworks */,
			);
			buildRules = (
			);
			dependencies = (
				FDB413652256611000CAE36F /* PBXTargetDependency */,
			);
			name = SnapshotTests;
			productName = SnapshotTests;
			productReference = FDB4135F2256611000CAE36F /* SnapshotTests.xctest */;
			productType = "com.apple.product-type.bundle.unit-test";
		};
/* End PBXNativeTarget section */

/* Begin PBXProject section */
		FDB4133E2256609D00CAE36F /* Project object */ = {
			isa = PBXProject;
			attributes = {
				LastSwiftUpdateCheck = 1020;
				LastUpgradeCheck = 1020;
				ORGANIZATIONNAME = "Trading-Point";
				TargetAttributes = {
					FDB413452256609D00CAE36F = {
						CreatedOnToolsVersion = 10.2;
					};
					FDB4135E2256611000CAE36F = {
						CreatedOnToolsVersion = 10.2;
						TestTargetID = FDB413452256609D00CAE36F;
					};
				};
			};
			buildConfigurationList = FDB413412256609D00CAE36F /* Build configuration list for PBXProject "Snapshot Testing" */;
			compatibilityVersion = "Xcode 9.3";
			developmentRegion = en;
			hasScannedForEncodings = 0;
			knownRegions = (
				en,
				Base,
			);
			mainGroup = FDB4133D2256609D00CAE36F;
			productRefGroup = FDB413472256609D00CAE36F /* Products */;
			projectDirPath = "";
			projectRoot = "";
			targets = (
				FDB413452256609D00CAE36F /* Snapshot Testing */,
				FDB4135E2256611000CAE36F /* SnapshotTests */,
			);
		};
/* End PBXProject section */

/* Begin PBXResourcesBuildPhase section */
		FDB413442256609D00CAE36F /* Resources */ = {
			isa = PBXResourcesBuildPhase;
			buildActionMask = 2147483647;
			files = (
				FDB413542256609E00CAE36F /* LaunchScreen.storyboard in Resources */,
				FDB413512256609E00CAE36F /* Assets.xcassets in Resources */,
				FDB4134F2256609D00CAE36F /* Main.storyboard in Resources */,
			);
			runOnlyForDeploymentPostprocessing = 0;
		};
		FDB4135D2256611000CAE36F /* Resources */ = {
			isa = PBXResourcesBuildPhase;
			buildActionMask = 2147483647;
			files = (
			);
			runOnlyForDeploymentPostprocessing = 0;
		};
/* End PBXResourcesBuildPhase section */

/* Begin PBXShellScriptBuildPhase section */
		67952021AAF77AAAA37843A5 /* [CP] Check Pods Manifest.lock */ = {
			isa = PBXShellScriptBuildPhase;
			buildActionMask = 2147483647;
			files = (
			);
			inputFileListPaths = (
			);
			inputPaths = (
				"${PODS_PODFILE_DIR_PATH}/Podfile.lock",
				"${PODS_ROOT}/Manifest.lock",
			);
			name = "[CP] Check Pods Manifest.lock";
			outputFileListPaths = (
			);
			outputPaths = (
				"$(DERIVED_FILE_DIR)/Pods-SnapshotTests-checkManifestLockResult.txt",
			);
			runOnlyForDeploymentPostprocessing = 0;
			shellPath = /bin/sh;
			shellScript = "diff \"${PODS_PODFILE_DIR_PATH}/Podfile.lock\" \"${PODS_ROOT}/Manifest.lock\" > /dev/null\nif [ $? != 0 ] ; then\n    # print error to STDERR\n    echo \"error: The sandbox is not in sync with the Podfile.lock. Run 'pod install' or update your CocoaPods installation.\" >&2\n    exit 1\nfi\n# This output is used by Xcode 'outputs' to avoid re-running this script phase.\necho \"SUCCESS\" > \"${SCRIPT_OUTPUT_FILE_0}\"\n";
			showEnvVarsInLog = 0;
		};
		8C6220ADC0C3B85AA2A24535 /* [CP] Embed Pods Frameworks */ = {
			isa = PBXShellScriptBuildPhase;
			buildActionMask = 2147483647;
			files = (
			);
			inputFileListPaths = (
			);
			inputPaths = (
				"${PODS_ROOT}/Target Support Files/Pods-Snapshot Testing/Pods-Snapshot Testing-frameworks.sh",
				"${BUILT_PRODUCTS_DIR}/SnapKit/SnapKit.framework",
			);
			name = "[CP] Embed Pods Frameworks";
			outputFileListPaths = (
			);
			outputPaths = (
				"${TARGET_BUILD_DIR}/${FRAMEWORKS_FOLDER_PATH}/SnapKit.framework",
			);
			runOnlyForDeploymentPostprocessing = 0;
			shellPath = /bin/sh;
			shellScript = "\"${PODS_ROOT}/Target Support Files/Pods-Snapshot Testing/Pods-Snapshot Testing-frameworks.sh\"\n";
			showEnvVarsInLog = 0;
		};
		ECE2717DC02F54F58F261A45 /* [CP] Check Pods Manifest.lock */ = {
			isa = PBXShellScriptBuildPhase;
			buildActionMask = 2147483647;
			files = (
			);
			inputFileListPaths = (
			);
			inputPaths = (
				"${PODS_PODFILE_DIR_PATH}/Podfile.lock",
				"${PODS_ROOT}/Manifest.lock",
			);
			name = "[CP] Check Pods Manifest.lock";
			outputFileListPaths = (
			);
			outputPaths = (
				"$(DERIVED_FILE_DIR)/Pods-Snapshot Testing-checkManifestLockResult.txt",
			);
			runOnlyForDeploymentPostprocessing = 0;
			shellPath = /bin/sh;
			shellScript = "diff \"${PODS_PODFILE_DIR_PATH}/Podfile.lock\" \"${PODS_ROOT}/Manifest.lock\" > /dev/null\nif [ $? != 0 ] ; then\n    # print error to STDERR\n    echo \"error: The sandbox is not in sync with the Podfile.lock. Run 'pod install' or update your CocoaPods installation.\" >&2\n    exit 1\nfi\n# This output is used by Xcode 'outputs' to avoid re-running this script phase.\necho \"SUCCESS\" > \"${SCRIPT_OUTPUT_FILE_0}\"\n";
			showEnvVarsInLog = 0;
		};
		F590C86F33CE49933487CBB5 /* [CP] Embed Pods Frameworks */ = {
			isa = PBXShellScriptBuildPhase;
			buildActionMask = 2147483647;
			files = (
			);
			inputFileListPaths = (
			);
			inputPaths = (
				"${PODS_ROOT}/Target Support Files/Pods-SnapshotTests/Pods-SnapshotTests-frameworks.sh",
				"${BUILT_PRODUCTS_DIR}/iOSSnapshotTestCase/FBSnapshotTestCase.framework",
			);
			name = "[CP] Embed Pods Frameworks";
			outputFileListPaths = (
			);
			outputPaths = (
				"${TARGET_BUILD_DIR}/${FRAMEWORKS_FOLDER_PATH}/FBSnapshotTestCase.framework",
			);
			runOnlyForDeploymentPostprocessing = 0;
			shellPath = /bin/sh;
			shellScript = "\"${PODS_ROOT}/Target Support Files/Pods-SnapshotTests/Pods-SnapshotTests-frameworks.sh\"\n";
			showEnvVarsInLog = 0;
		};
/* End PBXShellScriptBuildPhase section */

/* Begin PBXSourcesBuildPhase section */
		FDB413422256609D00CAE36F /* Sources */ = {
			isa = PBXSourcesBuildPhase;
			buildActionMask = 2147483647;
			files = (
				FDB4136F225662C300CAE36F /* MarketHoursView.swift in Sources */,
				FDB41370225662C300CAE36F /* PaddingLabel.swift in Sources */,
				FDB4134C2256609D00CAE36F /* ViewController.swift in Sources */,
				FDB4134A2256609D00CAE36F /* AppDelegate.swift in Sources */,
				FDB4136E225662C300CAE36F /* MarketHoursRangeView.swift in Sources */,
				FDB41371225662C300CAE36F /* Helper.swift in Sources */,
				6E9EA31D22A9449900202BEE /* ThemeManager.swift in Sources */,
			);
			runOnlyForDeploymentPostprocessing = 0;
		};
		FDB4135B2256611000CAE36F /* Sources */ = {
			isa = PBXSourcesBuildPhase;
			buildActionMask = 2147483647;
			files = (
				FDB413622256611000CAE36F /* SnapshotTests.swift in Sources */,
				6E9EA31F22A9477C00202BEE /* TestSuiteUserDefaults.swift in Sources */,
				6E9EA31922A940DA00202BEE /* SnapshotTestsConfig.swift in Sources */,
				6E9EA31522A9407200202BEE /* TestHelpers.swift in Sources */,
				6E9EA32122A94B0300202BEE /* FBSnapshotTestCase+Extras.swift in Sources */,
				6E9EA31722A940B800202BEE /* TraitController.swift in Sources */,
			);
			runOnlyForDeploymentPostprocessing = 0;
		};
/* End PBXSourcesBuildPhase section */

/* Begin PBXTargetDependency section */
		FDB413652256611000CAE36F /* PBXTargetDependency */ = {
			isa = PBXTargetDependency;
			target = FDB413452256609D00CAE36F /* Snapshot Testing */;
			targetProxy = FDB413642256611000CAE36F /* PBXContainerItemProxy */;
		};
/* End PBXTargetDependency section */

/* Begin PBXVariantGroup section */
		FDB4134D2256609D00CAE36F /* Main.storyboard */ = {
			isa = PBXVariantGroup;
			children = (
				FDB4134E2256609D00CAE36F /* Base */,
			);
			name = Main.storyboard;
			sourceTree = "<group>";
		};
		FDB413522256609E00CAE36F /* LaunchScreen.storyboard */ = {
			isa = PBXVariantGroup;
			children = (
				FDB413532256609E00CAE36F /* Base */,
			);
			name = LaunchScreen.storyboard;
			sourceTree = "<group>";
		};
/* End PBXVariantGroup section */

/* Begin XCBuildConfiguration section */
		FDB413562256609E00CAE36F /* Debug */ = {
			isa = XCBuildConfiguration;
			buildSettings = {
				ALWAYS_SEARCH_USER_PATHS = NO;
				CLANG_ANALYZER_NONNULL = YES;
				CLANG_ANALYZER_NUMBER_OBJECT_CONVERSION = YES_AGGRESSIVE;
				CLANG_CXX_LANGUAGE_STANDARD = "gnu++14";
				CLANG_CXX_LIBRARY = "libc++";
				CLANG_ENABLE_MODULES = YES;
				CLANG_ENABLE_OBJC_ARC = YES;
				CLANG_ENABLE_OBJC_WEAK = YES;
				CLANG_WARN_BLOCK_CAPTURE_AUTORELEASING = YES;
				CLANG_WARN_BOOL_CONVERSION = YES;
				CLANG_WARN_COMMA = YES;
				CLANG_WARN_CONSTANT_CONVERSION = YES;
				CLANG_WARN_DEPRECATED_OBJC_IMPLEMENTATIONS = YES;
				CLANG_WARN_DIRECT_OBJC_ISA_USAGE = YES_ERROR;
				CLANG_WARN_DOCUMENTATION_COMMENTS = YES;
				CLANG_WARN_EMPTY_BODY = YES;
				CLANG_WARN_ENUM_CONVERSION = YES;
				CLANG_WARN_INFINITE_RECURSION = YES;
				CLANG_WARN_INT_CONVERSION = YES;
				CLANG_WARN_NON_LITERAL_NULL_CONVERSION = YES;
				CLANG_WARN_OBJC_IMPLICIT_RETAIN_SELF = YES;
				CLANG_WARN_OBJC_LITERAL_CONVERSION = YES;
				CLANG_WARN_OBJC_ROOT_CLASS = YES_ERROR;
				CLANG_WARN_RANGE_LOOP_ANALYSIS = YES;
				CLANG_WARN_STRICT_PROTOTYPES = YES;
				CLANG_WARN_SUSPICIOUS_MOVE = YES;
				CLANG_WARN_UNGUARDED_AVAILABILITY = YES_AGGRESSIVE;
				CLANG_WARN_UNREACHABLE_CODE = YES;
				CLANG_WARN__DUPLICATE_METHOD_MATCH = YES;
				CODE_SIGN_IDENTITY = "iPhone Developer";
				COPY_PHASE_STRIP = NO;
				DEBUG_INFORMATION_FORMAT = dwarf;
				ENABLE_STRICT_OBJC_MSGSEND = YES;
				ENABLE_TESTABILITY = YES;
				GCC_C_LANGUAGE_STANDARD = gnu11;
				GCC_DYNAMIC_NO_PIC = NO;
				GCC_NO_COMMON_BLOCKS = YES;
				GCC_OPTIMIZATION_LEVEL = 0;
				GCC_PREPROCESSOR_DEFINITIONS = (
					"DEBUG=1",
					"$(inherited)",
				);
				GCC_WARN_64_TO_32_BIT_CONVERSION = YES;
				GCC_WARN_ABOUT_RETURN_TYPE = YES_ERROR;
				GCC_WARN_UNDECLARED_SELECTOR = YES;
				GCC_WARN_UNINITIALIZED_AUTOS = YES_AGGRESSIVE;
				GCC_WARN_UNUSED_FUNCTION = YES;
				GCC_WARN_UNUSED_VARIABLE = YES;
				IPHONEOS_DEPLOYMENT_TARGET = 12.2;
				MTL_ENABLE_DEBUG_INFO = INCLUDE_SOURCE;
				MTL_FAST_MATH = YES;
				ONLY_ACTIVE_ARCH = YES;
				SDKROOT = iphoneos;
				SWIFT_ACTIVE_COMPILATION_CONDITIONS = DEBUG;
				SWIFT_OPTIMIZATION_LEVEL = "-Onone";
			};
			name = Debug;
		};
		FDB413572256609E00CAE36F /* Release */ = {
			isa = XCBuildConfiguration;
			buildSettings = {
				ALWAYS_SEARCH_USER_PATHS = NO;
				CLANG_ANALYZER_NONNULL = YES;
				CLANG_ANALYZER_NUMBER_OBJECT_CONVERSION = YES_AGGRESSIVE;
				CLANG_CXX_LANGUAGE_STANDARD = "gnu++14";
				CLANG_CXX_LIBRARY = "libc++";
				CLANG_ENABLE_MODULES = YES;
				CLANG_ENABLE_OBJC_ARC = YES;
				CLANG_ENABLE_OBJC_WEAK = YES;
				CLANG_WARN_BLOCK_CAPTURE_AUTORELEASING = YES;
				CLANG_WARN_BOOL_CONVERSION = YES;
				CLANG_WARN_COMMA = YES;
				CLANG_WARN_CONSTANT_CONVERSION = YES;
				CLANG_WARN_DEPRECATED_OBJC_IMPLEMENTATIONS = YES;
				CLANG_WARN_DIRECT_OBJC_ISA_USAGE = YES_ERROR;
				CLANG_WARN_DOCUMENTATION_COMMENTS = YES;
				CLANG_WARN_EMPTY_BODY = YES;
				CLANG_WARN_ENUM_CONVERSION = YES;
				CLANG_WARN_INFINITE_RECURSION = YES;
				CLANG_WARN_INT_CONVERSION = YES;
				CLANG_WARN_NON_LITERAL_NULL_CONVERSION = YES;
				CLANG_WARN_OBJC_IMPLICIT_RETAIN_SELF = YES;
				CLANG_WARN_OBJC_LITERAL_CONVERSION = YES;
				CLANG_WARN_OBJC_ROOT_CLASS = YES_ERROR;
				CLANG_WARN_RANGE_LOOP_ANALYSIS = YES;
				CLANG_WARN_STRICT_PROTOTYPES = YES;
				CLANG_WARN_SUSPICIOUS_MOVE = YES;
				CLANG_WARN_UNGUARDED_AVAILABILITY = YES_AGGRESSIVE;
				CLANG_WARN_UNREACHABLE_CODE = YES;
				CLANG_WARN__DUPLICATE_METHOD_MATCH = YES;
				CODE_SIGN_IDENTITY = "iPhone Developer";
				COPY_PHASE_STRIP = NO;
				DEBUG_INFORMATION_FORMAT = "dwarf-with-dsym";
				ENABLE_NS_ASSERTIONS = NO;
				ENABLE_STRICT_OBJC_MSGSEND = YES;
				GCC_C_LANGUAGE_STANDARD = gnu11;
				GCC_NO_COMMON_BLOCKS = YES;
				GCC_WARN_64_TO_32_BIT_CONVERSION = YES;
				GCC_WARN_ABOUT_RETURN_TYPE = YES_ERROR;
				GCC_WARN_UNDECLARED_SELECTOR = YES;
				GCC_WARN_UNINITIALIZED_AUTOS = YES_AGGRESSIVE;
				GCC_WARN_UNUSED_FUNCTION = YES;
				GCC_WARN_UNUSED_VARIABLE = YES;
				IPHONEOS_DEPLOYMENT_TARGET = 12.2;
				MTL_ENABLE_DEBUG_INFO = NO;
				MTL_FAST_MATH = YES;
				SDKROOT = iphoneos;
				SWIFT_COMPILATION_MODE = wholemodule;
				SWIFT_OPTIMIZATION_LEVEL = "-O";
				VALIDATE_PRODUCT = YES;
			};
			name = Release;
		};
		FDB413592256609E00CAE36F /* Debug */ = {
			isa = XCBuildConfiguration;
			baseConfigurationReference = 909388D6F692DD868858E59E /* Pods-Snapshot Testing.debug.xcconfig */;
			buildSettings = {
				ASSETCATALOG_COMPILER_APPICON_NAME = AppIcon;
				CODE_SIGN_STYLE = Automatic;
				DEVELOPMENT_TEAM = Z26DLCEZHB;
				INFOPLIST_FILE = "Snapshot Testing/Info.plist";
				IPHONEOS_DEPLOYMENT_TARGET = 10.0;
				LD_RUNPATH_SEARCH_PATHS = (
					"$(inherited)",
					"@executable_path/Frameworks",
				);
				PRODUCT_BUNDLE_IDENTIFIER = "com.xm.Snapshot-Testing";
				PRODUCT_NAME = "$(TARGET_NAME)";
				SWIFT_VERSION = 4.2;
				TARGETED_DEVICE_FAMILY = "1,2";
			};
			name = Debug;
		};
		FDB4135A2256609E00CAE36F /* Release */ = {
			isa = XCBuildConfiguration;
			baseConfigurationReference = 4A690EDF2B9ABAC0B451917D /* Pods-Snapshot Testing.release.xcconfig */;
			buildSettings = {
				ASSETCATALOG_COMPILER_APPICON_NAME = AppIcon;
				CODE_SIGN_STYLE = Automatic;
				DEVELOPMENT_TEAM = Z26DLCEZHB;
				INFOPLIST_FILE = "Snapshot Testing/Info.plist";
				IPHONEOS_DEPLOYMENT_TARGET = 10.0;
				LD_RUNPATH_SEARCH_PATHS = (
					"$(inherited)",
					"@executable_path/Frameworks",
				);
				PRODUCT_BUNDLE_IDENTIFIER = "com.xm.Snapshot-Testing";
				PRODUCT_NAME = "$(TARGET_NAME)";
				SWIFT_VERSION = 4.2;
				TARGETED_DEVICE_FAMILY = "1,2";
			};
			name = Release;
		};
		FDB413662256611000CAE36F /* Debug */ = {
			isa = XCBuildConfiguration;
			baseConfigurationReference = E4D0BE6C8A4A415EDFB540E1 /* Pods-SnapshotTests.debug.xcconfig */;
			buildSettings = {
				BUNDLE_LOADER = "$(TEST_HOST)";
				CODE_SIGN_STYLE = Automatic;
				INFOPLIST_FILE = SnapshotTests/Info.plist;
				LD_RUNPATH_SEARCH_PATHS = (
					"$(inherited)",
					"@executable_path/Frameworks",
					"@loader_path/Frameworks",
				);
				PRODUCT_BUNDLE_IDENTIFIER = com.xm.SnapshotTests;
				PRODUCT_NAME = "$(TARGET_NAME)";
				SWIFT_VERSION = 4.2;
				TARGETED_DEVICE_FAMILY = "1,2";
				TEST_HOST = "$(BUILT_PRODUCTS_DIR)/Snapshot Testing.app/Snapshot Testing";
			};
			name = Debug;
		};
		FDB413672256611000CAE36F /* Release */ = {
			isa = XCBuildConfiguration;
			baseConfigurationReference = D5F00C667565E89EF849DEE2 /* Pods-SnapshotTests.release.xcconfig */;
			buildSettings = {
				BUNDLE_LOADER = "$(TEST_HOST)";
				CODE_SIGN_STYLE = Automatic;
				INFOPLIST_FILE = SnapshotTests/Info.plist;
				LD_RUNPATH_SEARCH_PATHS = (
					"$(inherited)",
					"@executable_path/Frameworks",
					"@loader_path/Frameworks",
				);
				PRODUCT_BUNDLE_IDENTIFIER = com.xm.SnapshotTests;
				PRODUCT_NAME = "$(TARGET_NAME)";
				SWIFT_VERSION = 4.2;
				TARGETED_DEVICE_FAMILY = "1,2";
				TEST_HOST = "$(BUILT_PRODUCTS_DIR)/Snapshot Testing.app/Snapshot Testing";
			};
			name = Release;
		};
/* End XCBuildConfiguration section */

/* Begin XCConfigurationList section */
		FDB413412256609D00CAE36F /* Build configuration list for PBXProject "Snapshot Testing" */ = {
			isa = XCConfigurationList;
			buildConfigurations = (
				FDB413562256609E00CAE36F /* Debug */,
				FDB413572256609E00CAE36F /* Release */,
			);
			defaultConfigurationIsVisible = 0;
			defaultConfigurationName = Release;
		};
		FDB413582256609E00CAE36F /* Build configuration list for PBXNativeTarget "Snapshot Testing" */ = {
			isa = XCConfigurationList;
			buildConfigurations = (
				FDB413592256609E00CAE36F /* Debug */,
				FDB4135A2256609E00CAE36F /* Release */,
			);
			defaultConfigurationIsVisible = 0;
			defaultConfigurationName = Release;
		};
		FDB413682256611000CAE36F /* Build configuration list for PBXNativeTarget "SnapshotTests" */ = {
			isa = XCConfigurationList;
			buildConfigurations = (
				FDB413662256611000CAE36F /* Debug */,
				FDB413672256611000CAE36F /* Release */,
			);
			defaultConfigurationIsVisible = 0;
			defaultConfigurationName = Release;
		};
/* End XCConfigurationList section */
	};
	rootObject = FDB4133E2256609D00CAE36F /* Project object */;
}
